
Microsoft Visual Studio Solution File, Format Version 12.00
# Visual Studio 2015
Project("{FAE04EC0-301F-11D3-BF4B-00C04F79EFBC}") = "BS Game.CSharp", "BS Game.CSharp.csproj", "{9B35226A-CB18-E075-FCDC-FF4F0FBC6C4C}"
EndProject
Global
	GlobalSection(SolutionConfigurationPlatforms) = preSolution
		Debug|Any CPU = Debug|Any CPU
		Release|Any CPU = Release|Any CPU
	EndGlobalSection
	GlobalSection(ProjectConfigurationPlatforms) = postSolution
		{9B35226A-CB18-E075-FCDC-FF4F0FBC6C4C}.Debug|Any CPU.ActiveCfg = Debug|Any CPU
		{9B35226A-CB18-E075-FCDC-FF4F0FBC6C4C}.Debug|Any CPU.Build.0 = Debug|Any CPU
		{9B35226A-CB18-E075-FCDC-FF4F0FBC6C4C}.Release|Any CPU.ActiveCfg = Release|Any CPU
		{9B35226A-CB18-E075-FCDC-FF4F0FBC6C4C}.Release|Any CPU.Build.0 = Release|Any CPU
	EndGlobalSection
	GlobalSection(SolutionProperties) = preSolution
		HideSolutionNode = FALSE
	EndGlobalSection
EndGlobal
